
Microsoft Visual Studio Solution File, Format Version 12.00
# Visual Studio Version 17
VisualStudioVersion = 17.3.32922.545
MinimumVisualStudioVersion = 10.0.40219.1
Project("{9A19103F-16F7-4668-BE54-9A1E7A4F7556}") = "FirstWeekTasks", "FirstWeekTasks\FirstWeekTasks.csproj", "{EF0667E1-493A-4398-A687-1E9567A5DE0F}"
EndProject
Project("{9A19103F-16F7-4668-BE54-9A1E7A4F7556}") = "Task2", "Task2\Task2.csproj", "{0C95FE89-0881-4329-81C3-2DC0513DBECB}"
EndProject
Project("{9A19103F-16F7-4668-BE54-9A1E7A4F7556}") = "Task3", "Task3\Task3.csproj", "{2CB3C9DA-9205-48FB-B555-9C3170CE81D6}"
EndProject
Project("{9A19103F-16F7-4668-BE54-9A1E7A4F7556}") = "Task4", "Task4\Task4.csproj", "{752B21F3-4FD2-4407-92B6-4669E63B0292}"
EndProject
Project("{9A19103F-16F7-4668-BE54-9A1E7A4F7556}") = "Task5", "Task5\Task5.csproj", "{52DC1E42-5CD8-4C30-844A-F29B87D5EEDB}"
EndProject
Project("{9A19103F-16F7-4668-BE54-9A1E7A4F7556}") = "Task6", "Task6\Task6.csproj", "{B7B542F3-984C-440D-90A6-F0F9A81AE28C}"
EndProject
Project("{9A19103F-16F7-4668-BE54-9A1E7A4F7556}") = "Task7", "Task7\Task7.csproj", "{64D77433-B57D-4B48-8F1B-A7C9DCD9F922}"
EndProject
Project("{9A19103F-16F7-4668-BE54-9A1E7A4F7556}") = "Task8", "Task8\Task8.csproj", "{011561BA-F528-4DFF-A0B1-3D7478991B32}"
EndProject
Global
	GlobalSection(SolutionConfigurationPlatforms) = preSolution
		Debug|Any CPU = Debug|Any CPU
		Release|Any CPU = Release|Any CPU
	EndGlobalSection
	GlobalSection(ProjectConfigurationPlatforms) = postSolution
		{EF0667E1-493A-4398-A687-1E9567A5DE0F}.Debug|Any CPU.ActiveCfg = Debug|Any CPU
		{EF0667E1-493A-4398-A687-1E9567A5DE0F}.Debug|Any CPU.Build.0 = Debug|Any CPU
		{EF0667E1-493A-4398-A687-1E9567A5DE0F}.Release|Any CPU.ActiveCfg = Release|Any CPU
		{EF0667E1-493A-4398-A687-1E9567A5DE0F}.Release|Any CPU.Build.0 = Release|Any CPU
		{0C95FE89-0881-4329-81C3-2DC0513DBECB}.Debug|Any CPU.ActiveCfg = Debug|Any CPU
		{0C95FE89-0881-4329-81C3-2DC0513DBECB}.Debug|Any CPU.Build.0 = Debug|Any CPU
		{0C95FE89-0881-4329-81C3-2DC0513DBECB}.Release|Any CPU.ActiveCfg = Release|Any CPU
		{0C95FE89-0881-4329-81C3-2DC0513DBECB}.Release|Any CPU.Build.0 = Release|Any CPU
		{2CB3C9DA-9205-48FB-B555-9C3170CE81D6}.Debug|Any CPU.ActiveCfg = Debug|Any CPU
		{2CB3C9DA-9205-48FB-B555-9C3170CE81D6}.Debug|Any CPU.Build.0 = Debug|Any CPU
		{2CB3C9DA-9205-48FB-B555-9C3170CE81D6}.Release|Any CPU.ActiveCfg = Release|Any CPU
		{2CB3C9DA-9205-48FB-B555-9C3170CE81D6}.Release|Any CPU.Build.0 = Release|Any CPU
		{752B21F3-4FD2-4407-92B6-4669E63B0292}.Debug|Any CPU.ActiveCfg = Debug|Any CPU
		{752B21F3-4FD2-4407-92B6-4669E63B0292}.Debug|Any CPU.Build.0 = Debug|Any CPU
		{752B21F3-4FD2-4407-92B6-4669E63B0292}.Release|Any CPU.ActiveCfg = Release|Any CPU
		{752B21F3-4FD2-4407-92B6-4669E63B0292}.Release|Any CPU.Build.0 = Release|Any CPU
		{52DC1E42-5CD8-4C30-844A-F29B87D5EEDB}.Debug|Any CPU.ActiveCfg = Debug|Any CPU
		{52DC1E42-5CD8-4C30-844A-F29B87D5EEDB}.Debug|Any CPU.Build.0 = Debug|Any CPU
		{52DC1E42-5CD8-4C30-844A-F29B87D5EEDB}.Release|Any CPU.ActiveCfg = Release|Any CPU
		{52DC1E42-5CD8-4C30-844A-F29B87D5EEDB}.Release|Any CPU.Build.0 = Release|Any CPU
		{B7B542F3-984C-440D-90A6-F0F9A81AE28C}.Debug|Any CPU.ActiveCfg = Debug|Any CPU
		{B7B542F3-984C-440D-90A6-F0F9A81AE28C}.Debug|Any CPU.Build.0 = Debug|Any CPU
		{B7B542F3-984C-440D-90A6-F0F9A81AE28C}.Release|Any CPU.ActiveCfg = Release|Any CPU
		{B7B542F3-984C-440D-90A6-F0F9A81AE28C}.Release|Any CPU.Build.0 = Release|Any CPU
		{64D77433-B57D-4B48-8F1B-A7C9DCD9F922}.Debug|Any CPU.ActiveCfg = Debug|Any CPU
		{64D77433-B57D-4B48-8F1B-A7C9DCD9F922}.Debug|Any CPU.Build.0 = Debug|Any CPU
		{64D77433-B57D-4B48-8F1B-A7C9DCD9F922}.Release|Any CPU.ActiveCfg = Release|Any CPU
		{64D77433-B57D-4B48-8F1B-A7C9DCD9F922}.Release|Any CPU.Build.0 = Release|Any CPU
		{011561BA-F528-4DFF-A0B1-3D7478991B32}.Debug|Any CPU.ActiveCfg = Debug|Any CPU
		{011561BA-F528-4DFF-A0B1-3D7478991B32}.Debug|Any CPU.Build.0 = Debug|Any CPU
		{011561BA-F528-4DFF-A0B1-3D7478991B32}.Release|Any CPU.ActiveCfg = Release|Any CPU
		{011561BA-F528-4DFF-A0B1-3D7478991B32}.Release|Any CPU.Build.0 = Release|Any CPU
	EndGlobalSection
	GlobalSection(SolutionProperties) = preSolution
		HideSolutionNode = FALSE
	EndGlobalSection
	GlobalSection(ExtensibilityGlobals) = postSolution
		SolutionGuid = {A0CD3EF8-0410-40A9-A792-2776B88EE527}
	EndGlobalSection
EndGlobal
